
Microsoft Visual Studio Solution File, Format Version 12.00
# Visual Studio Version 16
VisualStudioVersion = 16.0.30804.86
MinimumVisualStudioVersion = 10.0.40219.1
Project("{FAE04EC0-301F-11D3-BF4B-00C04F79EFBC}") = "Lista_3_BárbaradeSousa_TDS08T", "Lista_3_BárbaradeSousa_TDS08T\Lista_3_BárbaradeSousa_TDS08T.csproj", "{3BDFFF17-4A72-4847-95BC-9F233BA57CE3}"
EndProject
Global
	GlobalSection(SolutionConfigurationPlatforms) = preSolution
		Debug|Any CPU = Debug|Any CPU
		Release|Any CPU = Release|Any CPU
	EndGlobalSection
	GlobalSection(ProjectConfigurationPlatforms) = postSolution
		{3BDFFF17-4A72-4847-95BC-9F233BA57CE3}.Debug|Any CPU.ActiveCfg = Debug|Any CPU
		{3BDFFF17-4A72-4847-95BC-9F233BA57CE3}.Debug|Any CPU.Build.0 = Debug|Any CPU
		{3BDFFF17-4A72-4847-95BC-9F233BA57CE3}.Release|Any CPU.ActiveCfg = Release|Any CPU
		{3BDFFF17-4A72-4847-95BC-9F233BA57CE3}.Release|Any CPU.Build.0 = Release|Any CPU
	EndGlobalSection
	GlobalSection(SolutionProperties) = preSolution
		HideSolutionNode = FALSE
	EndGlobalSection
	GlobalSection(ExtensibilityGlobals) = postSolution
		SolutionGuid = {04F45B60-2695-468C-BA79-77BD675E3BCD}
	EndGlobalSection
EndGlobal
