
Microsoft Visual Studio Solution File, Format Version 12.00
# Visual Studio Version 16
VisualStudioVersion = 16.0.30804.86
MinimumVisualStudioVersion = 10.0.40219.1
Project("{FAE04EC0-301F-11D3-BF4B-00C04F79EFBC}") = "Atividade_23_2", "Atividade_23_2\Atividade_23_2.csproj", "{B29F9C84-CF49-449A-A053-5E11C4A79536}"
EndProject
Global
	GlobalSection(SolutionConfigurationPlatforms) = preSolution
		Debug|Any CPU = Debug|Any CPU
		Release|Any CPU = Release|Any CPU
	EndGlobalSection
	GlobalSection(ProjectConfigurationPlatforms) = postSolution
		{B29F9C84-CF49-449A-A053-5E11C4A79536}.Debug|Any CPU.ActiveCfg = Debug|Any CPU
		{B29F9C84-CF49-449A-A053-5E11C4A79536}.Debug|Any CPU.Build.0 = Debug|Any CPU
		{B29F9C84-CF49-449A-A053-5E11C4A79536}.Release|Any CPU.ActiveCfg = Release|Any CPU
		{B29F9C84-CF49-449A-A053-5E11C4A79536}.Release|Any CPU.Build.0 = Release|Any CPU
	EndGlobalSection
	GlobalSection(SolutionProperties) = preSolution
		HideSolutionNode = FALSE
	EndGlobalSection
	GlobalSection(ExtensibilityGlobals) = postSolution
		SolutionGuid = {D2D3BE30-FD2A-4464-A28F-87C2C3E31D30}
	EndGlobalSection
EndGlobal
