
Microsoft Visual Studio Solution File, Format Version 12.00
# Visual Studio Version 16
VisualStudioVersion = 16.0.30503.244
MinimumVisualStudioVersion = 10.0.40219.1
Project("{FAE04EC0-301F-11D3-BF4B-00C04F79EFBC}") = "Atividade_18_BárbaradeSousa_TDS08T", "Atividade_18_BárbaradeSousa_TDS08T\Atividade_18_BárbaradeSousa_TDS08T.csproj", "{D246337B-2FE7-4E27-A5C8-8474F5E72685}"
EndProject
Global
	GlobalSection(SolutionConfigurationPlatforms) = preSolution
		Debug|Any CPU = Debug|Any CPU
		Release|Any CPU = Release|Any CPU
	EndGlobalSection
	GlobalSection(ProjectConfigurationPlatforms) = postSolution
		{D246337B-2FE7-4E27-A5C8-8474F5E72685}.Debug|Any CPU.ActiveCfg = Debug|Any CPU
		{D246337B-2FE7-4E27-A5C8-8474F5E72685}.Debug|Any CPU.Build.0 = Debug|Any CPU
		{D246337B-2FE7-4E27-A5C8-8474F5E72685}.Release|Any CPU.ActiveCfg = Release|Any CPU
		{D246337B-2FE7-4E27-A5C8-8474F5E72685}.Release|Any CPU.Build.0 = Release|Any CPU
	EndGlobalSection
	GlobalSection(SolutionProperties) = preSolution
		HideSolutionNode = FALSE
	EndGlobalSection
	GlobalSection(ExtensibilityGlobals) = postSolution
		SolutionGuid = {8B2947F1-DC1E-4924-9618-580DA80AC535}
	EndGlobalSection
EndGlobal
