
Microsoft Visual Studio Solution File, Format Version 12.00
# Visual Studio Version 16
VisualStudioVersion = 16.0.30503.244
MinimumVisualStudioVersion = 10.0.40219.1
Project("{FAE04EC0-301F-11D3-BF4B-00C04F79EFBC}") = "Ativ_10_Exerc_2_BárbaradeSousa", "Ativ_10_Exerc_2_BárbaradeSousa\Ativ_10_Exerc_2_BárbaradeSousa.csproj", "{D26E4C8D-0EC7-45E9-8C52-616746E9D9B1}"
EndProject
Global
	GlobalSection(SolutionConfigurationPlatforms) = preSolution
		Debug|Any CPU = Debug|Any CPU
		Release|Any CPU = Release|Any CPU
	EndGlobalSection
	GlobalSection(ProjectConfigurationPlatforms) = postSolution
		{D26E4C8D-0EC7-45E9-8C52-616746E9D9B1}.Debug|Any CPU.ActiveCfg = Debug|Any CPU
		{D26E4C8D-0EC7-45E9-8C52-616746E9D9B1}.Debug|Any CPU.Build.0 = Debug|Any CPU
		{D26E4C8D-0EC7-45E9-8C52-616746E9D9B1}.Release|Any CPU.ActiveCfg = Release|Any CPU
		{D26E4C8D-0EC7-45E9-8C52-616746E9D9B1}.Release|Any CPU.Build.0 = Release|Any CPU
	EndGlobalSection
	GlobalSection(SolutionProperties) = preSolution
		HideSolutionNode = FALSE
	EndGlobalSection
	GlobalSection(ExtensibilityGlobals) = postSolution
		SolutionGuid = {F5657C8E-1155-473A-B392-0AB0CBCC66ED}
	EndGlobalSection
EndGlobal
