
Microsoft Visual Studio Solution File, Format Version 12.00
# Visual Studio Version 16
VisualStudioVersion = 16.0.30503.244
MinimumVisualStudioVersion = 10.0.40219.1
Project("{FAE04EC0-301F-11D3-BF4B-00C04F79EFBC}") = "15_c_BárbaradeSousa_TDS08T", "15_c_BárbaradeSousa_TDS08T\15_c_BárbaradeSousa_TDS08T.csproj", "{1F23103E-B854-4503-8FE1-993A31A10834}"
EndProject
Global
	GlobalSection(SolutionConfigurationPlatforms) = preSolution
		Debug|Any CPU = Debug|Any CPU
		Release|Any CPU = Release|Any CPU
	EndGlobalSection
	GlobalSection(ProjectConfigurationPlatforms) = postSolution
		{1F23103E-B854-4503-8FE1-993A31A10834}.Debug|Any CPU.ActiveCfg = Debug|Any CPU
		{1F23103E-B854-4503-8FE1-993A31A10834}.Debug|Any CPU.Build.0 = Debug|Any CPU
		{1F23103E-B854-4503-8FE1-993A31A10834}.Release|Any CPU.ActiveCfg = Release|Any CPU
		{1F23103E-B854-4503-8FE1-993A31A10834}.Release|Any CPU.Build.0 = Release|Any CPU
	EndGlobalSection
	GlobalSection(SolutionProperties) = preSolution
		HideSolutionNode = FALSE
	EndGlobalSection
	GlobalSection(ExtensibilityGlobals) = postSolution
		SolutionGuid = {18D88AAE-2387-49FB-AF99-5E42C05E26D6}
	EndGlobalSection
EndGlobal
