
Microsoft Visual Studio Solution File, Format Version 12.00
# Visual Studio Version 16
VisualStudioVersion = 16.0.30804.86
MinimumVisualStudioVersion = 10.0.40219.1
Project("{FAE04EC0-301F-11D3-BF4B-00C04F79EFBC}") = "Lista_4_Ativ_2_Parte_2", "Lista_4_Ativ_2_Parte_2\Lista_4_Ativ_2_Parte_2.csproj", "{CDFB707F-65F3-42B0-ADE3-E8115020BB7A}"
EndProject
Global
	GlobalSection(SolutionConfigurationPlatforms) = preSolution
		Debug|Any CPU = Debug|Any CPU
		Release|Any CPU = Release|Any CPU
	EndGlobalSection
	GlobalSection(ProjectConfigurationPlatforms) = postSolution
		{CDFB707F-65F3-42B0-ADE3-E8115020BB7A}.Debug|Any CPU.ActiveCfg = Debug|Any CPU
		{CDFB707F-65F3-42B0-ADE3-E8115020BB7A}.Debug|Any CPU.Build.0 = Debug|Any CPU
		{CDFB707F-65F3-42B0-ADE3-E8115020BB7A}.Release|Any CPU.ActiveCfg = Release|Any CPU
		{CDFB707F-65F3-42B0-ADE3-E8115020BB7A}.Release|Any CPU.Build.0 = Release|Any CPU
	EndGlobalSection
	GlobalSection(SolutionProperties) = preSolution
		HideSolutionNode = FALSE
	EndGlobalSection
	GlobalSection(ExtensibilityGlobals) = postSolution
		SolutionGuid = {96DE540A-57DD-4D6C-A067-750AD6DA0091}
	EndGlobalSection
EndGlobal
