
Microsoft Visual Studio Solution File, Format Version 12.00
# Visual Studio Version 16
VisualStudioVersion = 16.0.30503.244
MinimumVisualStudioVersion = 10.0.40219.1
Project("{FAE04EC0-301F-11D3-BF4B-00C04F79EFBC}") = "Atividade_6_BárbaradeSousa_TDS08T", "Atividade_6_BárbaradeSousa_TDS08T\Atividade_6_BárbaradeSousa_TDS08T.csproj", "{BE08E1D9-BB40-400B-9546-C2F5F9D2149D}"
EndProject
Global
	GlobalSection(SolutionConfigurationPlatforms) = preSolution
		Debug|Any CPU = Debug|Any CPU
		Release|Any CPU = Release|Any CPU
	EndGlobalSection
	GlobalSection(ProjectConfigurationPlatforms) = postSolution
		{BE08E1D9-BB40-400B-9546-C2F5F9D2149D}.Debug|Any CPU.ActiveCfg = Debug|Any CPU
		{BE08E1D9-BB40-400B-9546-C2F5F9D2149D}.Debug|Any CPU.Build.0 = Debug|Any CPU
		{BE08E1D9-BB40-400B-9546-C2F5F9D2149D}.Release|Any CPU.ActiveCfg = Release|Any CPU
		{BE08E1D9-BB40-400B-9546-C2F5F9D2149D}.Release|Any CPU.Build.0 = Release|Any CPU
	EndGlobalSection
	GlobalSection(SolutionProperties) = preSolution
		HideSolutionNode = FALSE
	EndGlobalSection
	GlobalSection(ExtensibilityGlobals) = postSolution
		SolutionGuid = {DD892D80-21B3-485A-977D-595233E298FA}
	EndGlobalSection
EndGlobal
